
Microsoft Visual Studio Solution File, Format Version 12.00
# Visual Studio 14
VisualStudioVersion = 14.0.23107.0
MinimumVisualStudioVersion = 10.0.40219.1
Project("{FAE04EC0-301F-11D3-BF4B-00C04F79EFBC}") = "Common", "Common\Common.csproj", "{AF884E47-E8A2-4F97-A339-7AEAD08C0D93}"
EndProject
Project("{FAE04EC0-301F-11D3-BF4B-00C04F79EFBC}") = "PointLocation", "PointLocation\PointLocation.csproj", "{02905FAF-5EF7-4236-AF25-451D33D23450}"
EndProject
Project("{FAE04EC0-301F-11D3-BF4B-00C04F79EFBC}") = "Test", "Test\Test.csproj", "{FE04BA78-2D5A-40D2-B17F-338212D7DA2D}"
EndProject
Project("{FAE04EC0-301F-11D3-BF4B-00C04F79EFBC}") = "LineSegmentIntersection", "LineSegmentIntersection\LineSegmentIntersection.csproj", "{D357C40D-90D1-4757-B99E-DD0C16C92CF2}"
EndProject
Project("{FAE04EC0-301F-11D3-BF4B-00C04F79EFBC}") = "MotionPlanning", "MotionPlanning\MotionPlanning.csproj", "{7E1119C4-8765-4177-AC64-BA3D95EBD7EB}"
EndProject
Global
	GlobalSection(SolutionConfigurationPlatforms) = preSolution
		Debug|Any CPU = Debug|Any CPU
		Release|Any CPU = Release|Any CPU
	EndGlobalSection
	GlobalSection(ProjectConfigurationPlatforms) = postSolution
		{AF884E47-E8A2-4F97-A339-7AEAD08C0D93}.Debug|Any CPU.ActiveCfg = Debug|Any CPU
		{AF884E47-E8A2-4F97-A339-7AEAD08C0D93}.Debug|Any CPU.Build.0 = Debug|Any CPU
		{AF884E47-E8A2-4F97-A339-7AEAD08C0D93}.Release|Any CPU.ActiveCfg = Release|Any CPU
		{AF884E47-E8A2-4F97-A339-7AEAD08C0D93}.Release|Any CPU.Build.0 = Release|Any CPU
		{02905FAF-5EF7-4236-AF25-451D33D23450}.Debug|Any CPU.ActiveCfg = Debug|Any CPU
		{02905FAF-5EF7-4236-AF25-451D33D23450}.Debug|Any CPU.Build.0 = Debug|Any CPU
		{02905FAF-5EF7-4236-AF25-451D33D23450}.Release|Any CPU.ActiveCfg = Release|Any CPU
		{02905FAF-5EF7-4236-AF25-451D33D23450}.Release|Any CPU.Build.0 = Release|Any CPU
		{FE04BA78-2D5A-40D2-B17F-338212D7DA2D}.Debug|Any CPU.ActiveCfg = Debug|Any CPU
		{FE04BA78-2D5A-40D2-B17F-338212D7DA2D}.Debug|Any CPU.Build.0 = Debug|Any CPU
		{FE04BA78-2D5A-40D2-B17F-338212D7DA2D}.Release|Any CPU.ActiveCfg = Release|Any CPU
		{FE04BA78-2D5A-40D2-B17F-338212D7DA2D}.Release|Any CPU.Build.0 = Release|Any CPU
		{D357C40D-90D1-4757-B99E-DD0C16C92CF2}.Debug|Any CPU.ActiveCfg = Debug|Any CPU
		{D357C40D-90D1-4757-B99E-DD0C16C92CF2}.Debug|Any CPU.Build.0 = Debug|Any CPU
		{D357C40D-90D1-4757-B99E-DD0C16C92CF2}.Release|Any CPU.ActiveCfg = Release|Any CPU
		{D357C40D-90D1-4757-B99E-DD0C16C92CF2}.Release|Any CPU.Build.0 = Release|Any CPU
		{7E1119C4-8765-4177-AC64-BA3D95EBD7EB}.Debug|Any CPU.ActiveCfg = Debug|Any CPU
		{7E1119C4-8765-4177-AC64-BA3D95EBD7EB}.Debug|Any CPU.Build.0 = Debug|Any CPU
		{7E1119C4-8765-4177-AC64-BA3D95EBD7EB}.Release|Any CPU.ActiveCfg = Release|Any CPU
		{7E1119C4-8765-4177-AC64-BA3D95EBD7EB}.Release|Any CPU.Build.0 = Release|Any CPU
	EndGlobalSection
	GlobalSection(SolutionProperties) = preSolution
		HideSolutionNode = FALSE
	EndGlobalSection
EndGlobal
